
Microsoft Visual Studio Solution File, Format Version 12.00
# Visual Studio Version 17
VisualStudioVersion = 17.13.35919.96 d17.13
MinimumVisualStudioVersion = 10.0.40219.1
Project("{FAE04EC0-301F-11D3-BF4B-00C04F79EFBC}") = "Geometria", "Geometria\Geometria.csproj", "{7ED1E689-9DC1-4B4F-B46C-5FA342DC26DE}"
EndProject
Project("{FAE04EC0-301F-11D3-BF4B-00C04F79EFBC}") = "Geometria.Test", "Geometria.Test\Geometria.Test.csproj", "{302C28AA-5597-44A8-ACBC-4E3B491D7038}"
EndProject
Global
	GlobalSection(SolutionConfigurationPlatforms) = preSolution
		Debug|Any CPU = Debug|Any CPU
		Release|Any CPU = Release|Any CPU
	EndGlobalSection
	GlobalSection(ProjectConfigurationPlatforms) = postSolution
		{7ED1E689-9DC1-4B4F-B46C-5FA342DC26DE}.Debug|Any CPU.ActiveCfg = Debug|Any CPU
		{7ED1E689-9DC1-4B4F-B46C-5FA342DC26DE}.Debug|Any CPU.Build.0 = Debug|Any CPU
		{7ED1E689-9DC1-4B4F-B46C-5FA342DC26DE}.Release|Any CPU.ActiveCfg = Release|Any CPU
		{7ED1E689-9DC1-4B4F-B46C-5FA342DC26DE}.Release|Any CPU.Build.0 = Release|Any CPU
		{302C28AA-5597-44A8-ACBC-4E3B491D7038}.Debug|Any CPU.ActiveCfg = Debug|Any CPU
		{302C28AA-5597-44A8-ACBC-4E3B491D7038}.Debug|Any CPU.Build.0 = Debug|Any CPU
		{302C28AA-5597-44A8-ACBC-4E3B491D7038}.Release|Any CPU.ActiveCfg = Release|Any CPU
		{302C28AA-5597-44A8-ACBC-4E3B491D7038}.Release|Any CPU.Build.0 = Release|Any CPU
	EndGlobalSection
	GlobalSection(SolutionProperties) = preSolution
		HideSolutionNode = FALSE
	EndGlobalSection
	GlobalSection(ExtensibilityGlobals) = postSolution
		SolutionGuid = {A0FBD43A-067D-48D0-8EAC-3DCF4EF9A5FE}
	EndGlobalSection
EndGlobal
